PODS:
  - Alamofire (4.5.0)
  - AlamofireImage (3.3.0):
    - Alamofire (~> 4.5)
  - Gloss (2.0.0)
  - Moltin (0.1.0):
    - Alamofire (= 4.5.0)
    - Gloss (~> 2.0.0)

DEPENDENCIES:
  - AlamofireImage (~> 3.3)
  - Moltin (from `..`)

EXTERNAL SOURCES:
  Moltin:
    :path: ..

SPEC CHECKSUMS:
  Alamofire: f28cdffd29de33a7bfa022cbd63ae95a27fae140
  AlamofireImage: 2e784dc5d00f04903a52c1d169181469c805c3df
  Gloss: b67617f327406adfd47adf20172d00680a3a31bd
  Moltin: 97165bbd7a42f6adda44f68f81b152c6715b2dc7

PODFILE CHECKSUM: 9d8cb73cb30e684c0c505d304196bc867a46b0c2

COCOAPODS: 1.4.0
