// !$*UTF8*$!
{
	archiveVersion = 1;
	classes = {
	};
	objectVersion = 46;
	objects = {

/* Begin PBXBuildFile section */
		3E0D67AC1B28EA350081BC51 /* MTAddress.m in Sources */ = {isa = PBXBuildFile; fileRef = 3E0D67891B28EA350081BC51 /* MTAddress.m */; };
		3E0D67AD1B28EA350081BC51 /* MTBrand.m in Sources */ = {isa = PBXBuildFile; fileRef = 3E0D678B1B28EA350081BC51 /* MTBrand.m */; };
		3E0D67AE1B28EA350081BC51 /* MTCart.m in Sources */ = {isa = PBXBuildFile; fileRef = 3E0D678D1B28EA350081BC51 /* MTCart.m */; };
		3E0D67AF1B28EA350081BC51 /* MTCategory.m in Sources */ = {isa = PBXBuildFile; fileRef = 3E0D678F1B28EA350081BC51 /* MTCategory.m */; };
		3E0D67B01B28EA350081BC51 /* MTCheckout.m in Sources */ = {isa = PBXBuildFile; fileRef = 3E0D67911B28EA350081BC51 /* MTCheckout.m */; };
		3E0D67B11B28EA350081BC51 /* MTCollection.m in Sources */ = {isa = PBXBuildFile; fileRef = 3E0D67931B28EA350081BC51 /* MTCollection.m */; };
		3E0D67B21B28EA350081BC51 /* MTCurrency.m in Sources */ = {isa = PBXBuildFile; fileRef = 3E0D67951B28EA350081BC51 /* MTCurrency.m */; };
		3E0D67B31B28EA350081BC51 /* MTEntry.m in Sources */ = {isa = PBXBuildFile; fileRef = 3E0D67971B28EA350081BC51 /* MTEntry.m */; };
		3E0D67B41B28EA350081BC51 /* MTFacade.m in Sources */ = {isa = PBXBuildFile; fileRef = 3E0D67991B28EA350081BC51 /* MTFacade.m */; };
		3E0D67B51B28EA350081BC51 /* MTGateway.m in Sources */ = {isa = PBXBuildFile; fileRef = 3E0D679B1B28EA350081BC51 /* MTGateway.m */; };
		3E0D67B61B28EA350081BC51 /* MTOrder.m in Sources */ = {isa = PBXBuildFile; fileRef = 3E0D679D1B28EA350081BC51 /* MTOrder.m */; };
		3E0D67B71B28EA350081BC51 /* MTProduct.m in Sources */ = {isa = PBXBuildFile; fileRef = 3E0D679F1B28EA350081BC51 /* MTProduct.m */; };
		3E0D67B81B28EA350081BC51 /* MTShipping.m in Sources */ = {isa = PBXBuildFile; fileRef = 3E0D67A11B28EA350081BC51 /* MTShipping.m */; };
		3E0D67B91B28EA350081BC51 /* MTTax.m in Sources */ = {isa = PBXBuildFile; fileRef = 3E0D67A31B28EA350081BC51 /* MTTax.m */; };
		3E0D67BA1B28EA350081BC51 /* Moltin.m in Sources */ = {isa = PBXBuildFile; fileRef = 3E0D67A51B28EA350081BC51 /* Moltin.m */; };
		3E0D67BB1B28EA350081BC51 /* MoltinAPIClient.m in Sources */ = {isa = PBXBuildFile; fileRef = 3E0D67A71B28EA350081BC51 /* MoltinAPIClient.m */; };
		3E0D67BC1B28EA350081BC51 /* MoltinStorage.m in Sources */ = {isa = PBXBuildFile; fileRef = 3E0D67AB1B28EA350081BC51 /* MoltinStorage.m */; };
		3E3716D61B2E469000CFE67C /* MTCustomer.m in Sources */ = {isa = PBXBuildFile; fileRef = 3E3716D51B2E469000CFE67C /* MTCustomer.m */; };
		3EC7CE281B25BB8E00D843EB /* main.m in Sources */ = {isa = PBXBuildFile; fileRef = 3EC7CE271B25BB8E00D843EB /* main.m */; };
		3EC7CE2B1B25BB8E00D843EB /* AppDelegate.m in Sources */ = {isa = PBXBuildFile; fileRef = 3EC7CE2A1B25BB8E00D843EB /* AppDelegate.m */; };
		3EC7CE2E1B25BB8E00D843EB /* ViewController.m in Sources */ = {isa = PBXBuildFile; fileRef = 3EC7CE2D1B25BB8E00D843EB /* ViewController.m */; };
		3EC7CE311B25BB8E00D843EB /* Main.storyboard in Resources */ = {isa = PBXBuildFile; fileRef = 3EC7CE2F1B25BB8E00D843EB /* Main.storyboard */; };
		3EC7CE331B25BB8E00D843EB /* Images.xcassets in Resources */ = {isa = PBXBuildFile; fileRef = 3EC7CE321B25BB8E00D843EB /* Images.xcassets */; };
		3EC7CE361B25BB8E00D843EB /* LaunchScreen.xib in Resources */ = {isa = PBXBuildFile; fileRef = 3EC7CE341B25BB8E00D843EB /* LaunchScreen.xib */; };
		3EC7CE421B25BB8E00D843EB /* MoltinSDK_iOS_ExampleTests.m in Sources */ = {isa = PBXBuildFile; fileRef = 3EC7CE411B25BB8E00D843EB /* MoltinSDK_iOS_ExampleTests.m */; };
		FC55015328D6E3F69210124B /* libPods.a in Frameworks */ = {isa = PBXBuildFile; fileRef = FD2C43979DB376E19EF5905E /* libPods.a */; };
/* End PBXBuildFile section */

/* Begin PBXContainerItemProxy section */
		3EC7CE3C1B25BB8E00D843EB /* PBXContainerItemProxy */ = {
			isa = PBXContainerItemProxy;
			containerPortal = 3EC7CE1A1B25BB8E00D843EB /* Project object */;
			proxyType = 1;
			remoteGlobalIDString = 3EC7CE211B25BB8E00D843EB;
			remoteInfo = "MoltinSDK iOS Example";
		};
/* End PBXContainerItemProxy section */

/* Begin PBXFileReference section */
		35199D69AF9D6C20A3A8E169 /* Pods.debug.xcconfig */ = {isa = PBXFileReference; includeInIndex = 1; lastKnownFileType = text.xcconfig; name = Pods.debug.xcconfig; path = "Pods/Target Support Files/Pods/Pods.debug.xcconfig"; sourceTree = "<group>"; };
		3E0D67881B28EA350081BC51 /* MTAddress.h */ = {isa = PBXFileReference; fileEncoding = 4; lastKnownFileType = sourcecode.c.h; path = MTAddress.h; sourceTree = "<group>"; };
		3E0D67891B28EA350081BC51 /* MTAddress.m */ = {isa = PBXFileReference; fileEncoding = 4; lastKnownFileType = sourcecode.c.objc; path = MTAddress.m; sourceTree = "<group>"; };
		3E0D678A1B28EA350081BC51 /* MTBrand.h */ = {isa = PBXFileReference; fileEncoding = 4; lastKnownFileType = sourcecode.c.h; path = MTBrand.h; sourceTree = "<group>"; };
		3E0D678B1B28EA350081BC51 /* MTBrand.m */ = {isa = PBXFileReference; fileEncoding = 4; lastKnownFileType = sourcecode.c.objc; path = MTBrand.m; sourceTree = "<group>"; };
		3E0D678C1B28EA350081BC51 /* MTCart.h */ = {isa = PBXFileReference; fileEncoding = 4; lastKnownFileType = sourcecode.c.h; path = MTCart.h; sourceTree = "<group>"; };
		3E0D678D1B28EA350081BC51 /* MTCart.m */ = {isa = PBXFileReference; fileEncoding = 4; lastKnownFileType = sourcecode.c.objc; path = MTCart.m; sourceTree = "<group>"; };
		3E0D678E1B28EA350081BC51 /* MTCategory.h */ = {isa = PBXFileReference; fileEncoding = 4; lastKnownFileType = sourcecode.c.h; path = MTCategory.h; sourceTree = "<group>"; };
		3E0D678F1B28EA350081BC51 /* MTCategory.m */ = {isa = PBXFileReference; fileEncoding = 4; lastKnownFileType = sourcecode.c.objc; path = MTCategory.m; sourceTree = "<group>"; };
		3E0D67901B28EA350081BC51 /* MTCheckout.h */ = {isa = PBXFileReference; fileEncoding = 4; lastKnownFileType = sourcecode.c.h; path = MTCheckout.h; sourceTree = "<group>"; };
		3E0D67911B28EA350081BC51 /* MTCheckout.m */ = {isa = PBXFileReference; fileEncoding = 4; lastKnownFileType = sourcecode.c.objc; path = MTCheckout.m; sourceTree = "<group>"; };
		3E0D67921B28EA350081BC51 /* MTCollection.h */ = {isa = PBXFileReference; fileEncoding = 4; lastKnownFileType = sourcecode.c.h; path = MTCollection.h; sourceTree = "<group>"; };
		3E0D67931B28EA350081BC51 /* MTCollection.m */ = {isa = PBXFileReference; fileEncoding = 4; lastKnownFileType = sourcecode.c.objc; path = MTCollection.m; sourceTree = "<group>"; };
		3E0D67941B28EA350081BC51 /* MTCurrency.h */ = {isa = PBXFileReference; fileEncoding = 4; lastKnownFileType = sourcecode.c.h; path = MTCurrency.h; sourceTree = "<group>"; };
		3E0D67951B28EA350081BC51 /* MTCurrency.m */ = {isa = PBXFileReference; fileEncoding = 4; lastKnownFileType = sourcecode.c.objc; path = MTCurrency.m; sourceTree = "<group>"; };
		3E0D67961B28EA350081BC51 /* MTEntry.h */ = {isa = PBXFileReference; fileEncoding = 4; lastKnownFileType = sourcecode.c.h; path = MTEntry.h; sourceTree = "<group>"; };
		3E0D67971B28EA350081BC51 /* MTEntry.m */ = {isa = PBXFileReference; fileEncoding = 4; lastKnownFileType = sourcecode.c.objc; path = MTEntry.m; sourceTree = "<group>"; };
		3E0D67981B28EA350081BC51 /* MTFacade.h */ = {isa = PBXFileReference; fileEncoding = 4; lastKnownFileType = sourcecode.c.h; path = MTFacade.h; sourceTree = "<group>"; };
		3E0D67991B28EA350081BC51 /* MTFacade.m */ = {isa = PBXFileReference; fileEncoding = 4; lastKnownFileType = sourcecode.c.objc; path = MTFacade.m; sourceTree = "<group>"; };
		3E0D679A1B28EA350081BC51 /* MTGateway.h */ = {isa = PBXFileReference; fileEncoding = 4; lastKnownFileType = sourcecode.c.h; path = MTGateway.h; sourceTree = "<group>"; };
		3E0D679B1B28EA350081BC51 /* MTGateway.m */ = {isa = PBXFileReference; fileEncoding = 4; lastKnownFileType = sourcecode.c.objc; path = MTGateway.m; sourceTree = "<group>"; };
		3E0D679C1B28EA350081BC51 /* MTOrder.h */ = {isa = PBXFileReference; fileEncoding = 4; lastKnownFileType = sourcecode.c.h; path = MTOrder.h; sourceTree = "<group>"; };
		3E0D679D1B28EA350081BC51 /* MTOrder.m */ = {isa = PBXFileReference; fileEncoding = 4; lastKnownFileType = sourcecode.c.objc; path = MTOrder.m; sourceTree = "<group>"; };
		3E0D679E1B28EA350081BC51 /* MTProduct.h */ = {isa = PBXFileReference; fileEncoding = 4; lastKnownFileType = sourcecode.c.h; path = MTProduct.h; sourceTree = "<group>"; };
		3E0D679F1B28EA350081BC51 /* MTProduct.m */ = {isa = PBXFileReference; fileEncoding = 4; lastKnownFileType = sourcecode.c.objc; path = MTProduct.m; sourceTree = "<group>"; };
		3E0D67A01B28EA350081BC51 /* MTShipping.h */ = {isa = PBXFileReference; fileEncoding = 4; lastKnownFileType = sourcecode.c.h; path = MTShipping.h; sourceTree = "<group>"; };
		3E0D67A11B28EA350081BC51 /* MTShipping.m */ = {isa = PBXFileReference; fileEncoding = 4; lastKnownFileType = sourcecode.c.objc; path = MTShipping.m; sourceTree = "<group>"; };
		3E0D67A21B28EA350081BC51 /* MTTax.h */ = {isa = PBXFileReference; fileEncoding = 4; lastKnownFileType = sourcecode.c.h; path = MTTax.h; sourceTree = "<group>"; };
		3E0D67A31B28EA350081BC51 /* MTTax.m */ = {isa = PBXFileReference; fileEncoding = 4; lastKnownFileType = sourcecode.c.objc; path = MTTax.m; sourceTree = "<group>"; };
		3E0D67A41B28EA350081BC51 /* Moltin.h */ = {isa = PBXFileReference; fileEncoding = 4; lastKnownFileType = sourcecode.c.h; path = Moltin.h; sourceTree = "<group>"; };
		3E0D67A51B28EA350081BC51 /* Moltin.m */ = {isa = PBXFileReference; fileEncoding = 4; lastKnownFileType = sourcecode.c.objc; path = Moltin.m; sourceTree = "<group>"; };
		3E0D67A61B28EA350081BC51 /* MoltinAPIClient.h */ = {isa = PBXFileReference; fileEncoding = 4; lastKnownFileType = sourcecode.c.h; path = MoltinAPIClient.h; sourceTree = "<group>"; };
		3E0D67A71B28EA350081BC51 /* MoltinAPIClient.m */ = {isa = PBXFileReference; fileEncoding = 4; lastKnownFileType = sourcecode.c.objc; path = MoltinAPIClient.m; sourceTree = "<group>"; };
		3E0D67A91B28EA350081BC51 /* MoltinConstants.h */ = {isa = PBXFileReference; fileEncoding = 4; lastKnownFileType = sourcecode.c.h; path = MoltinConstants.h; sourceTree = "<group>"; };
		3E0D67AA1B28EA350081BC51 /* MoltinStorage.h */ = {isa = PBXFileReference; fileEncoding = 4; lastKnownFileType = sourcecode.c.h; path = MoltinStorage.h; sourceTree = "<group>"; };
		3E0D67AB1B28EA350081BC51 /* MoltinStorage.m */ = {isa = PBXFileReference; fileEncoding = 4; lastKnownFileType = sourcecode.c.objc; path = MoltinStorage.m; sourceTree = "<group>"; };
		3E3716D41B2E469000CFE67C /* MTCustomer.h */ = {isa = PBXFileReference; fileEncoding = 4; lastKnownFileType = sourcecode.c.h; path = MTCustomer.h; sourceTree = "<group>"; };
		3E3716D51B2E469000CFE67C /* MTCustomer.m */ = {isa = PBXFileReference; fileEncoding = 4; lastKnownFileType = sourcecode.c.objc; path = MTCustomer.m; sourceTree = "<group>"; };
		3EC7CE221B25BB8E00D843EB /* MoltinSDK iOS Example.app */ = {isa = PBXFileReference; explicitFileType = wrapper.application; includeInIndex = 0; path = "MoltinSDK iOS Example.app"; sourceTree = BUILT_PRODUCTS_DIR; };
		3EC7CE261B25BB8E00D843EB /* Info.plist */ = {isa = PBXFileReference; lastKnownFileType = text.plist.xml; path = Info.plist; sourceTree = "<group>"; };
		3EC7CE271B25BB8E00D843EB /* main.m */ = {isa = PBXFileReference; lastKnownFileType = sourcecode.c.objc; path = main.m; sourceTree = "<group>"; };
		3EC7CE291B25BB8E00D843EB /* AppDelegate.h */ = {isa = PBXFileReference; lastKnownFileType = sourcecode.c.h; path = AppDelegate.h; sourceTree = "<group>"; };
		3EC7CE2A1B25BB8E00D843EB /* AppDelegate.m */ = {isa = PBXFileReference; lastKnownFileType = sourcecode.c.objc; path = AppDelegate.m; sourceTree = "<group>"; };
		3EC7CE2C1B25BB8E00D843EB /* ViewController.h */ = {isa = PBXFileReference; lastKnownFileType = sourcecode.c.h; path = ViewController.h; sourceTree = "<group>"; };
		3EC7CE2D1B25BB8E00D843EB /* ViewController.m */ = {isa = PBXFileReference; lastKnownFileType = sourcecode.c.objc; path = ViewController.m; sourceTree = "<group>"; };
		3EC7CE301B25BB8E00D843EB /* Base */ = {isa = PBXFileReference; lastKnownFileType = file.storyboard; name = Base; path = Base.lproj/Main.storyboard; sourceTree = "<group>"; };
		3EC7CE321B25BB8E00D843EB /* Images.xcassets */ = {isa = PBXFileReference; lastKnownFileType = folder.assetcatalog; path = Images.xcassets; sourceTree = "<group>"; };
		3EC7CE351B25BB8E00D843EB /* Base */ = {isa = PBXFileReference; lastKnownFileType = file.xib; name = Base; path = Base.lproj/LaunchScreen.xib; sourceTree = "<group>"; };
		3EC7CE3B1B25BB8E00D843EB /* MoltinSDK iOS ExampleTests.xctest */ = {isa = PBXFileReference; explicitFileType = wrapper.cfbundle; includeInIndex = 0; path = "MoltinSDK iOS ExampleTests.xctest"; sourceTree = BUILT_PRODUCTS_DIR; };
		3EC7CE401B25BB8E00D843EB /* Info.plist */ = {isa = PBXFileReference; lastKnownFileType = text.plist.xml; path = Info.plist; sourceTree = "<group>"; };
		3EC7CE411B25BB8E00D843EB /* MoltinSDK_iOS_ExampleTests.m */ = {isa = PBXFileReference; lastKnownFileType = sourcecode.c.objc; path = MoltinSDK_iOS_ExampleTests.m; sourceTree = "<group>"; };
		B8DAB94EF02ABE3D337E23BE /* Pods.release.xcconfig */ = {isa = PBXFileReference; includeInIndex = 1; lastKnownFileType = text.xcconfig; name = Pods.release.xcconfig; path = "Pods/Target Support Files/Pods/Pods.release.xcconfig"; sourceTree = "<group>"; };
		FD2C43979DB376E19EF5905E /* libPods.a */ = {isa = PBXFileReference; explicitFileType = archive.ar; includeInIndex = 0; path = libPods.a; sourceTree = BUILT_PRODUCTS_DIR; };
/* End PBXFileReference section */

/* Begin PBXFrameworksBuildPhase section */
		3EC7CE1F1B25BB8E00D843EB /* Frameworks */ = {
			isa = PBXFrameworksBuildPhase;
			buildActionMask = 2147483647;
			files = (
				FC55015328D6E3F69210124B /* libPods.a in Frameworks */,
			);
			runOnlyForDeploymentPostprocessing = 0;
		};
		3EC7CE381B25BB8E00D843EB /* Frameworks */ = {
			isa = PBXFrameworksBuildPhase;
			buildActionMask = 2147483647;
			files = (
			);
			runOnlyForDeploymentPostprocessing = 0;
		};
/* End PBXFrameworksBuildPhase section */

/* Begin PBXGroup section */
		23F0DAA406455E97F4787739 /* Frameworks */ = {
			isa = PBXGroup;
			children = (
				FD2C43979DB376E19EF5905E /* libPods.a */,
			);
			name = Frameworks;
			sourceTree = "<group>";
		};
		3E0D67861B28EA350081BC51 /* Moltin */ = {
			isa = PBXGroup;
			children = (
				3E0D67871B28EA350081BC51 /* Endpoints */,
				3E0D67A41B28EA350081BC51 /* Moltin.h */,
				3E0D67A51B28EA350081BC51 /* Moltin.m */,
				3E0D67A61B28EA350081BC51 /* MoltinAPIClient.h */,
				3E0D67A71B28EA350081BC51 /* MoltinAPIClient.m */,
				3E0D67A81B28EA350081BC51 /* Utilities */,
			);
			path = Moltin;
			sourceTree = "<group>";
		};
		3E0D67871B28EA350081BC51 /* Endpoints */ = {
			isa = PBXGroup;
			children = (
				3E0D67881B28EA350081BC51 /* MTAddress.h */,
				3E0D67891B28EA350081BC51 /* MTAddress.m */,
				3E0D678A1B28EA350081BC51 /* MTBrand.h */,
				3E0D678B1B28EA350081BC51 /* MTBrand.m */,
				3E0D678C1B28EA350081BC51 /* MTCart.h */,
				3E0D678D1B28EA350081BC51 /* MTCart.m */,
				3E0D678E1B28EA350081BC51 /* MTCategory.h */,
				3E0D678F1B28EA350081BC51 /* MTCategory.m */,
				3E0D67901B28EA350081BC51 /* MTCheckout.h */,
				3E0D67911B28EA350081BC51 /* MTCheckout.m */,
				3E0D67921B28EA350081BC51 /* MTCollection.h */,
				3E0D67931B28EA350081BC51 /* MTCollection.m */,
				3E3716D41B2E469000CFE67C /* MTCustomer.h */,
				3E3716D51B2E469000CFE67C /* MTCustomer.m */,
				3E0D67941B28EA350081BC51 /* MTCurrency.h */,
				3E0D67951B28EA350081BC51 /* MTCurrency.m */,
				3E0D67961B28EA350081BC51 /* MTEntry.h */,
				3E0D67971B28EA350081BC51 /* MTEntry.m */,
				3E0D67981B28EA350081BC51 /* MTFacade.h */,
				3E0D67991B28EA350081BC51 /* MTFacade.m */,
				3E0D679A1B28EA350081BC51 /* MTGateway.h */,
				3E0D679B1B28EA350081BC51 /* MTGateway.m */,
				3E0D679C1B28EA350081BC51 /* MTOrder.h */,
				3E0D679D1B28EA350081BC51 /* MTOrder.m */,
				3E0D679E1B28EA350081BC51 /* MTProduct.h */,
				3E0D679F1B28EA350081BC51 /* MTProduct.m */,
				3E0D67A01B28EA350081BC51 /* MTShipping.h */,
				3E0D67A11B28EA350081BC51 /* MTShipping.m */,
				3E0D67A21B28EA350081BC51 /* MTTax.h */,
				3E0D67A31B28EA350081BC51 /* MTTax.m */,
			);
			path = Endpoints;
			sourceTree = "<group>";
		};
		3E0D67A81B28EA350081BC51 /* Utilities */ = {
			isa = PBXGroup;
			children = (
				3E0D67A91B28EA350081BC51 /* MoltinConstants.h */,
				3E0D67AA1B28EA350081BC51 /* MoltinStorage.h */,
				3E0D67AB1B28EA350081BC51 /* MoltinStorage.m */,
			);
			path = Utilities;
			sourceTree = "<group>";
		};
		3EC7CE191B25BB8E00D843EB = {
			isa = PBXGroup;
			children = (
				3E0D67861B28EA350081BC51 /* Moltin */,
				3EC7CE241B25BB8E00D843EB /* MoltinSDK iOS Example */,
				3EC7CE3E1B25BB8E00D843EB /* MoltinSDK iOS ExampleTests */,
				3EC7CE231B25BB8E00D843EB /* Products */,
				863CEDFB573FEE0EC40E6748 /* Pods */,
				23F0DAA406455E97F4787739 /* Frameworks */,
			);
			sourceTree = "<group>";
		};
		3EC7CE231B25BB8E00D843EB /* Products */ = {
			isa = PBXGroup;
			children = (
				3EC7CE221B25BB8E00D843EB /* MoltinSDK iOS Example.app */,
				3EC7CE3B1B25BB8E00D843EB /* MoltinSDK iOS ExampleTests.xctest */,
			);
			name = Products;
			sourceTree = "<group>";
		};
		3EC7CE241B25BB8E00D843EB /* MoltinSDK iOS Example */ = {
			isa = PBXGroup;
			children = (
				3EC7CE291B25BB8E00D843EB /* AppDelegate.h */,
				3EC7CE2A1B25BB8E00D843EB /* AppDelegate.m */,
				3EC7CE2C1B25BB8E00D843EB /* ViewController.h */,
				3EC7CE2D1B25BB8E00D843EB /* ViewController.m */,
				3EC7CE2F1B25BB8E00D843EB /* Main.storyboard */,
				3EC7CE321B25BB8E00D843EB /* Images.xcassets */,
				3EC7CE341B25BB8E00D843EB /* LaunchScreen.xib */,
				3EC7CE251B25BB8E00D843EB /* Supporting Files */,
			);
			path = "MoltinSDK iOS Example";
			sourceTree = "<group>";
		};
		3EC7CE251B25BB8E00D843EB /* Supporting Files */ = {
			isa = PBXGroup;
			children = (
				3EC7CE261B25BB8E00D843EB /* Info.plist */,
				3EC7CE271B25BB8E00D843EB /* main.m */,
			);
			name = "Supporting Files";
			sourceTree = "<group>";
		};
		3EC7CE3E1B25BB8E00D843EB /* MoltinSDK iOS ExampleTests */ = {
			isa = PBXGroup;
			children = (
				3EC7CE411B25BB8E00D843EB /* MoltinSDK_iOS_ExampleTests.m */,
				3EC7CE3F1B25BB8E00D843EB /* Supporting Files */,
			);
			path = "MoltinSDK iOS ExampleTests";
			sourceTree = "<group>";
		};
		3EC7CE3F1B25BB8E00D843EB /* Supporting Files */ = {
			isa = PBXGroup;
			children = (
				3EC7CE401B25BB8E00D843EB /* Info.plist */,
			);
			name = "Supporting Files";
			sourceTree = "<group>";
		};
		863CEDFB573FEE0EC40E6748 /* Pods */ = {
			isa = PBXGroup;
			children = (
				35199D69AF9D6C20A3A8E169 /* Pods.debug.xcconfig */,
				B8DAB94EF02ABE3D337E23BE /* Pods.release.xcconfig */,
			);
			name = Pods;
			sourceTree = "<group>";
		};
/* End PBXGroup section */

/* Begin PBXNativeTarget section */
		3EC7CE211B25BB8E00D843EB /* MoltinSDK iOS Example */ = {
			isa = PBXNativeTarget;
			buildConfigurationList = 3EC7CE451B25BB8E00D843EB /* Build configuration list for PBXNativeTarget "MoltinSDK iOS Example" */;
			buildPhases = (
				B2905D5541CC2DC41864D960 /* Check Pods Manifest.lock */,
				3EC7CE1E1B25BB8E00D843EB /* Sources */,
				3EC7CE1F1B25BB8E00D843EB /* Frameworks */,
				3EC7CE201B25BB8E00D843EB /* Resources */,
				24E6C6955D59242FF5F86856 /* Copy Pods Resources */,
			);
			buildRules = (
			);
			dependencies = (
			);
			name = "MoltinSDK iOS Example";
			productName = "MoltinSDK iOS Example";
			productReference = 3EC7CE221B25BB8E00D843EB /* MoltinSDK iOS Example.app */;
			productType = "com.apple.product-type.application";
		};
		3EC7CE3A1B25BB8E00D843EB /* MoltinSDK iOS ExampleTests */ = {
			isa = PBXNativeTarget;
			buildConfigurationList = 3EC7CE481B25BB8E00D843EB /* Build configuration list for PBXNativeTarget "MoltinSDK iOS ExampleTests" */;
			buildPhases = (
				3EC7CE371B25BB8E00D843EB /* Sources */,
				3EC7CE381B25BB8E00D843EB /* Frameworks */,
				3EC7CE391B25BB8E00D843EB /* Resources */,
			);
			buildRules = (
			);
			dependencies = (
				3EC7CE3D1B25BB8E00D843EB /* PBXTargetDependency */,
			);
			name = "MoltinSDK iOS ExampleTests";
			productName = "MoltinSDK iOS ExampleTests";
			productReference = 3EC7CE3B1B25BB8E00D843EB /* MoltinSDK iOS ExampleTests.xctest */;
			productType = "com.apple.product-type.bundle.unit-test";
		};
/* End PBXNativeTarget section */

/* Begin PBXProject section */
		3EC7CE1A1B25BB8E00D843EB /* Project object */ = {
			isa = PBXProject;
			attributes = {
				LastUpgradeCheck = 0630;
				ORGANIZATIONNAME = "Gasper Rebernak";
				TargetAttributes = {
					3EC7CE211B25BB8E00D843EB = {
						CreatedOnToolsVersion = 6.3.2;
					};
					3EC7CE3A1B25BB8E00D843EB = {
						CreatedOnToolsVersion = 6.3.2;
						TestTargetID = 3EC7CE211B25BB8E00D843EB;
					};
				};
			};
			buildConfigurationList = 3EC7CE1D1B25BB8E00D843EB /* Build configuration list for PBXProject "MoltinSDK iOS Example" */;
			compatibilityVersion = "Xcode 3.2";
			developmentRegion = English;
			hasScannedForEncodings = 0;
			knownRegions = (
				en,
				Base,
			);
			mainGroup = 3EC7CE191B25BB8E00D843EB;
			productRefGroup = 3EC7CE231B25BB8E00D843EB /* Products */;
			projectDirPath = "";
			projectRoot = "";
			targets = (
				3EC7CE211B25BB8E00D843EB /* MoltinSDK iOS Example */,
				3EC7CE3A1B25BB8E00D843EB /* MoltinSDK iOS ExampleTests */,
			);
		};
/* End PBXProject section */

/* Begin PBXResourcesBuildPhase section */
		3EC7CE201B25BB8E00D843EB /* Resources */ = {
			isa = PBXResourcesBuildPhase;
			buildActionMask = 2147483647;
			files = (
				3EC7CE311B25BB8E00D843EB /* Main.storyboard in Resources */,
				3EC7CE361B25BB8E00D843EB /* LaunchScreen.xib in Resources */,
				3EC7CE331B25BB8E00D843EB /* Images.xcassets in Resources */,
			);
			runOnlyForDeploymentPostprocessing = 0;
		};
		3EC7CE391B25BB8E00D843EB /* Resources */ = {
			isa = PBXResourcesBuildPhase;
			buildActionMask = 2147483647;
			files = (
			);
			runOnlyForDeploymentPostprocessing = 0;
		};
/* End PBXResourcesBuildPhase section */

/* Begin PBXShellScriptBuildPhase section */
		24E6C6955D59242FF5F86856 /* Copy Pods Resources */ = {
			isa = PBXShellScriptBuildPhase;
			buildActionMask = 2147483647;
			files = (
			);
			inputPaths = (
			);
			name = "Copy Pods Resources";
			outputPaths = (
			);
			runOnlyForDeploymentPostprocessing = 0;
			shellPath = /bin/sh;
			shellScript = "\"${SRCROOT}/Pods/Target Support Files/Pods/Pods-resources.sh\"\n";
			showEnvVarsInLog = 0;
		};
		B2905D5541CC2DC41864D960 /* Check Pods Manifest.lock */ = {
			isa = PBXShellScriptBuildPhase;
			buildActionMask = 2147483647;
			files = (
			);
			inputPaths = (
			);
			name = "Check Pods Manifest.lock";
			outputPaths = (
			);
			runOnlyForDeploymentPostprocessing = 0;
			shellPath = /bin/sh;
			shellScript = "diff \"${PODS_ROOT}/../Podfile.lock\" \"${PODS_ROOT}/Manifest.lock\" > /dev/null\nif [[ $? != 0 ]] ; then\n    cat << EOM\nerror: The sandbox is not in sync with the Podfile.lock. Run 'pod install' or update your CocoaPods installation.\nEOM\n    exit 1\nfi\n";
			showEnvVarsInLog = 0;
		};
/* End PBXShellScriptBuildPhase section */

/* Begin PBXSourcesBuildPhase section */
		3EC7CE1E1B25BB8E00D843EB /* Sources */ = {
			isa = PBXSourcesBuildPhase;
			buildActionMask = 2147483647;
			files = (
				3E0D67BA1B28EA350081BC51 /* Moltin.m in Sources */,
				3E0D67AE1B28EA350081BC51 /* MTCart.m in Sources */,
				3E0D67BC1B28EA350081BC51 /* MoltinStorage.m in Sources */,
				3E0D67B11B28EA350081BC51 /* MTCollection.m in Sources */,
				3E0D67B31B28EA350081BC51 /* MTEntry.m in Sources */,
				3E0D67B51B28EA350081BC51 /* MTGateway.m in Sources */,
				3E0D67B71B28EA350081BC51 /* MTProduct.m in Sources */,
				3E3716D61B2E469000CFE67C /* MTCustomer.m in Sources */,
				3EC7CE2E1B25BB8E00D843EB /* ViewController.m in Sources */,
				3E0D67AC1B28EA350081BC51 /* MTAddress.m in Sources */,
				3E0D67BB1B28EA350081BC51 /* MoltinAPIClient.m in Sources */,
				3EC7CE2B1B25BB8E00D843EB /* AppDelegate.m in Sources */,
				3E0D67B61B28EA350081BC51 /* MTOrder.m in Sources */,
				3E0D67B41B28EA350081BC51 /* MTFacade.m in Sources */,
				3E0D67B81B28EA350081BC51 /* MTShipping.m in Sources */,
				3E0D67AD1B28EA350081BC51 /* MTBrand.m in Sources */,
				3E0D67AF1B28EA350081BC51 /* MTCategory.m in Sources */,
				3E0D67B91B28EA350081BC51 /* MTTax.m in Sources */,
				3E0D67B21B28EA350081BC51 /* MTCurrency.m in Sources */,
				3E0D67B01B28EA350081BC51 /* MTCheckout.m in Sources */,
				3EC7CE281B25BB8E00D843EB /* main.m in Sources */,
			);
			runOnlyForDeploymentPostprocessing = 0;
		};
		3EC7CE371B25BB8E00D843EB /* Sources */ = {
			isa = PBXSourcesBuildPhase;
			buildActionMask = 2147483647;
			files = (
				3EC7CE421B25BB8E00D843EB /* MoltinSDK_iOS_ExampleTests.m in Sources */,
			);
			runOnlyForDeploymentPostprocessing = 0;
		};
/* End PBXSourcesBuildPhase section */

/* Begin PBXTargetDependency section */
		3EC7CE3D1B25BB8E00D843EB /* PBXTargetDependency */ = {
			isa = PBXTargetDependency;
			target = 3EC7CE211B25BB8E00D843EB /* MoltinSDK iOS Example */;
			targetProxy = 3EC7CE3C1B25BB8E00D843EB /* PBXContainerItemProxy */;
		};
/* End PBXTargetDependency section */

/* Begin PBXVariantGroup section */
		3EC7CE2F1B25BB8E00D843EB /* Main.storyboard */ = {
			isa = PBXVariantGroup;
			children = (
				3EC7CE301B25BB8E00D843EB /* Base */,
			);
			name = Main.storyboard;
			sourceTree = "<group>";
		};
		3EC7CE341B25BB8E00D843EB /* LaunchScreen.xib */ = {
			isa = PBXVariantGroup;
			children = (
				3EC7CE351B25BB8E00D843EB /* Base */,
			);
			name = LaunchScreen.xib;
			sourceTree = "<group>";
		};
/* End PBXVariantGroup section */

/* Begin XCBuildConfiguration section */
		3EC7CE431B25BB8E00D843EB /* Debug */ = {
			isa = XCBuildConfiguration;
			buildSettings = {
				ALWAYS_SEARCH_USER_PATHS = NO;
				CLANG_CXX_LANGUAGE_STANDARD = "gnu++0x";
				CLANG_CXX_LIBRARY = "libc++";
				CLANG_ENABLE_MODULES = YES;
				CLANG_ENABLE_OBJC_ARC = YES;
				CLANG_WARN_BOOL_CONVERSION = YES;
				CLANG_WARN_CONSTANT_CONVERSION = YES;
				CLANG_WARN_DIRECT_OBJC_ISA_USAGE = YES_ERROR;
				CLANG_WARN_EMPTY_BODY = YES;
				CLANG_WARN_ENUM_CONVERSION = YES;
				CLANG_WARN_INT_CONVERSION = YES;
				CLANG_WARN_OBJC_ROOT_CLASS = YES_ERROR;
				CLANG_WARN_UNREACHABLE_CODE = YES;
				CLANG_WARN__DUPLICATE_METHOD_MATCH = YES;
				"CODE_SIGN_IDENTITY[sdk=iphoneos*]" = "iPhone Developer";
				COPY_PHASE_STRIP = NO;
				DEBUG_INFORMATION_FORMAT = "dwarf-with-dsym";
				ENABLE_STRICT_OBJC_MSGSEND = YES;
				GCC_C_LANGUAGE_STANDARD = gnu99;
				GCC_DYNAMIC_NO_PIC = NO;
				GCC_NO_COMMON_BLOCKS = YES;
				GCC_OPTIMIZATION_LEVEL = 0;
				GCC_PREPROCESSOR_DEFINITIONS = (
					"DEBUG=1",
					"$(inherited)",
				);
				GCC_SYMBOLS_PRIVATE_EXTERN = NO;
				GCC_WARN_64_TO_32_BIT_CONVERSION = YES;
				GCC_WARN_ABOUT_RETURN_TYPE = YES_ERROR;
				GCC_WARN_UNDECLARED_SELECTOR = YES;
				GCC_WARN_UNINITIALIZED_AUTOS = YES_AGGRESSIVE;
				GCC_WARN_UNUSED_FUNCTION = YES;
				GCC_WARN_UNUSED_VARIABLE = YES;
				IPHONEOS_DEPLOYMENT_TARGET = 8.3;
				MTL_ENABLE_DEBUG_INFO = YES;
				ONLY_ACTIVE_ARCH = YES;
				SDKROOT = iphoneos;
			};
			name = Debug;
		};
		3EC7CE441B25BB8E00D843EB /* Release */ = {
			isa = XCBuildConfiguration;
			buildSettings = {
				ALWAYS_SEARCH_USER_PATHS = NO;
				CLANG_CXX_LANGUAGE_STANDARD = "gnu++0x";
				CLANG_CXX_LIBRARY = "libc++";
				CLANG_ENABLE_MODULES = YES;
				CLANG_ENABLE_OBJC_ARC = YES;
				CLANG_WARN_BOOL_CONVERSION = YES;
				CLANG_WARN_CONSTANT_CONVERSION = YES;
				CLANG_WARN_DIRECT_OBJC_ISA_USAGE = YES_ERROR;
				CLANG_WARN_EMPTY_BODY = YES;
				CLANG_WARN_ENUM_CONVERSION = YES;
				CLANG_WARN_INT_CONVERSION = YES;
				CLANG_WARN_OBJC_ROOT_CLASS = YES_ERROR;
				CLANG_WARN_UNREACHABLE_CODE = YES;
				CLANG_WARN__DUPLICATE_METHOD_MATCH = YES;
				"CODE_SIGN_IDENTITY[sdk=iphoneos*]" = "iPhone Developer";
				COPY_PHASE_STRIP = NO;
				DEBUG_INFORMATION_FORMAT = "dwarf-with-dsym";
				ENABLE_NS_ASSERTIONS = NO;
				ENABLE_STRICT_OBJC_MSGSEND = YES;
				GCC_C_LANGUAGE_STANDARD = gnu99;
				GCC_NO_COMMON_BLOCKS = YES;
				GCC_WARN_64_TO_32_BIT_CONVERSION = YES;
				GCC_WARN_ABOUT_RETURN_TYPE = YES_ERROR;
				GCC_WARN_UNDECLARED_SELECTOR = YES;
				GCC_WARN_UNINITIALIZED_AUTOS = YES_AGGRESSIVE;
				GCC_WARN_UNUSED_FUNCTION = YES;
				GCC_WARN_UNUSED_VARIABLE = YES;
				IPHONEOS_DEPLOYMENT_TARGET = 8.3;
				MTL_ENABLE_DEBUG_INFO = NO;
				SDKROOT = iphoneos;
				VALIDATE_PRODUCT = YES;
			};
			name = Release;
		};
		3EC7CE461B25BB8E00D843EB /* Debug */ = {
			isa = XCBuildConfiguration;
			baseConfigurationReference = 35199D69AF9D6C20A3A8E169 /* Pods.debug.xcconfig */;
			buildSettings = {
				ASSETCATALOG_COMPILER_APPICON_NAME = AppIcon;
				INFOPLIST_FILE = "MoltinSDK iOS Example/Info.plist";
				LD_RUNPATH_SEARCH_PATHS = "$(inherited) @executable_path/Frameworks";
				PRODUCT_NAME = "$(TARGET_NAME)";
			};
			name = Debug;
		};
		3EC7CE471B25BB8E00D843EB /* Release */ = {
			isa = XCBuildConfiguration;
			baseConfigurationReference = B8DAB94EF02ABE3D337E23BE /* Pods.release.xcconfig */;
			buildSettings = {
				ASSETCATALOG_COMPILER_APPICON_NAME = AppIcon;
				INFOPLIST_FILE = "MoltinSDK iOS Example/Info.plist";
				LD_RUNPATH_SEARCH_PATHS = "$(inherited) @executable_path/Frameworks";
				PRODUCT_NAME = "$(TARGET_NAME)";
			};
			name = Release;
		};
		3EC7CE491B25BB8E00D843EB /* Debug */ = {
			isa = XCBuildConfiguration;
			buildSettings = {
				BUNDLE_LOADER = "$(TEST_HOST)";
				FRAMEWORK_SEARCH_PATHS = (
					"$(SDKROOT)/Developer/Library/Frameworks",
					"$(inherited)",
				);
				GCC_PREPROCESSOR_DEFINITIONS = (
					"DEBUG=1",
					"$(inherited)",
				);
				INFOPLIST_FILE = "MoltinSDK iOS ExampleTests/Info.plist";
				LD_RUNPATH_SEARCH_PATHS = "$(inherited) @executable_path/Frameworks @loader_path/Frameworks";
				PRODUCT_NAME = "$(TARGET_NAME)";
				TEST_HOST = "$(BUILT_PRODUCTS_DIR)/MoltinSDK iOS Example.app/MoltinSDK iOS Example";
			};
			name = Debug;
		};
		3EC7CE4A1B25BB8E00D843EB /* Release */ = {
			isa = XCBuildConfiguration;
			buildSettings = {
				BUNDLE_LOADER = "$(TEST_HOST)";
				FRAMEWORK_SEARCH_PATHS = (
					"$(SDKROOT)/Developer/Library/Frameworks",
					"$(inherited)",
				);
				INFOPLIST_FILE = "MoltinSDK iOS ExampleTests/Info.plist";
				LD_RUNPATH_SEARCH_PATHS = "$(inherited) @executable_path/Frameworks @loader_path/Frameworks";
				PRODUCT_NAME = "$(TARGET_NAME)";
				TEST_HOST = "$(BUILT_PRODUCTS_DIR)/MoltinSDK iOS Example.app/MoltinSDK iOS Example";
			};
			name = Release;
		};
/* End XCBuildConfiguration section */

/* Begin XCConfigurationList section */
		3EC7CE1D1B25BB8E00D843EB /* Build configuration list for PBXProject "MoltinSDK iOS Example" */ = {
			isa = XCConfigurationList;
			buildConfigurations = (
				3EC7CE431B25BB8E00D843EB /* Debug */,
				3EC7CE441B25BB8E00D843EB /* Release */,
			);
			defaultConfigurationIsVisible = 0;
			defaultConfigurationName = Release;
		};
		3EC7CE451B25BB8E00D843EB /* Build configuration list for PBXNativeTarget "MoltinSDK iOS Example" */ = {
			isa = XCConfigurationList;
			buildConfigurations = (
				3EC7CE461B25BB8E00D843EB /* Debug */,
				3EC7CE471B25BB8E00D843EB /* Release */,
			);
			defaultConfigurationIsVisible = 0;
			defaultConfigurationName = Release;
		};
		3EC7CE481B25BB8E00D843EB /* Build configuration list for PBXNativeTarget "MoltinSDK iOS ExampleTests" */ = {
			isa = XCConfigurationList;
			buildConfigurations = (
				3EC7CE491B25BB8E00D843EB /* Debug */,
				3EC7CE4A1B25BB8E00D843EB /* Release */,
			);
			defaultConfigurationIsVisible = 0;
			defaultConfigurationName = Release;
		};
/* End XCConfigurationList section */
	};
	rootObject = 3EC7CE1A1B25BB8E00D843EB /* Project object */;
}
