// !$*UTF8*$!
{
	archiveVersion = 1;
	classes = {
	};
	objectVersion = 46;
	objects = {

/* Begin PBXBuildFile section */
		607FACD61AFB9204008FA782 /* AppDelegate.swift in Sources */ = {isa = PBXBuildFile; fileRef = 607FACD51AFB9204008FA782 /* AppDelegate.swift */; };
		607FACD81AFB9204008FA782 /* ViewController.swift in Sources */ = {isa = PBXBuildFile; fileRef = 607FACD71AFB9204008FA782 /* ViewController.swift */; };
		607FACDB1AFB9204008FA782 /* Main.storyboard in Resources */ = {isa = PBXBuildFile; fileRef = 607FACD91AFB9204008FA782 /* Main.storyboard */; };
		607FACDD1AFB9204008FA782 /* Images.xcassets in Resources */ = {isa = PBXBuildFile; fileRef = 607FACDC1AFB9204008FA782 /* Images.xcassets */; };
		607FACE01AFB9204008FA782 /* LaunchScreen.xib in Resources */ = {isa = PBXBuildFile; fileRef = 607FACDE1AFB9204008FA782 /* LaunchScreen.xib */; };
		AE7D09ABB5F501726F82DF78 /* Pods_Moltin_Example.framework in Frameworks */ = {isa = PBXBuildFile; fileRef = 7FD132F2B7873A947A6BEB3E /* Pods_Moltin_Example.framework */; };
		F60FC8F01E647231001E977B /* ProductListViewController.swift in Sources */ = {isa = PBXBuildFile; fileRef = F60FC8EF1E647231001E977B /* ProductListViewController.swift */; };
		F60FC8F51E658030001E977B /* ImageGalleryViewController.swift in Sources */ = {isa = PBXBuildFile; fileRef = F60FC8F41E658030001E977B /* ImageGalleryViewController.swift */; };
		F60FC8F71E6585D7001E977B /* ProductDetailViewController.swift in Sources */ = {isa = PBXBuildFile; fileRef = F60FC8F61E6585D7001E977B /* ProductDetailViewController.swift */; };
		F60FC8F91E6598AE001E977B /* CartViewController.swift in Sources */ = {isa = PBXBuildFile; fileRef = F60FC8F81E6598AE001E977B /* CartViewController.swift */; };
		F60FC8FE1E65CBDB001E977B /* UIViewController.swift in Sources */ = {isa = PBXBuildFile; fileRef = F60FC8FD1E65CBDB001E977B /* UIViewController.swift */; };
		F6548D3E1E6092E70000F300 /* Heuristica-Bold.otf in Resources */ = {isa = PBXBuildFile; fileRef = F6548D321E6092E70000F300 /* Heuristica-Bold.otf */; };
		F6548D3F1E6092E70000F300 /* Heuristica-BoldItalic.otf in Resources */ = {isa = PBXBuildFile; fileRef = F6548D331E6092E70000F300 /* Heuristica-BoldItalic.otf */; };
		F6548D401E6092E70000F300 /* Heuristica-Italic.otf in Resources */ = {isa = PBXBuildFile; fileRef = F6548D341E6092E70000F300 /* Heuristica-Italic.otf */; };
		F6548D411E6092E70000F300 /* Heuristica-Regular.otf in Resources */ = {isa = PBXBuildFile; fileRef = F6548D351E6092E70000F300 /* Heuristica-Regular.otf */; };
		F6548D421E6092E70000F300 /* SIL Open Font License.txt in Resources */ = {isa = PBXBuildFile; fileRef = F6548D361E6092E70000F300 /* SIL Open Font License.txt */; };
		F6548D431E6092E70000F300 /* Montserrat-Black.otf in Resources */ = {isa = PBXBuildFile; fileRef = F6548D381E6092E70000F300 /* Montserrat-Black.otf */; };
		F6548D441E6092E70000F300 /* Montserrat-Bold.otf in Resources */ = {isa = PBXBuildFile; fileRef = F6548D391E6092E70000F300 /* Montserrat-Bold.otf */; };
		F6548D451E6092E70000F300 /* Montserrat-Hairline.otf in Resources */ = {isa = PBXBuildFile; fileRef = F6548D3A1E6092E70000F300 /* Montserrat-Hairline.otf */; };
		F6548D461E6092E70000F300 /* Montserrat-Light.otf in Resources */ = {isa = PBXBuildFile; fileRef = F6548D3B1E6092E70000F300 /* Montserrat-Light.otf */; };
		F6548D471E6092E70000F300 /* Montserrat-Regular.otf in Resources */ = {isa = PBXBuildFile; fileRef = F6548D3C1E6092E70000F300 /* Montserrat-Regular.otf */; };
		F6548D481E6092E70000F300 /* SIL Open Font License.txt in Resources */ = {isa = PBXBuildFile; fileRef = F6548D3D1E6092E70000F300 /* SIL Open Font License.txt */; };
		F6548D4A1E60952A0000F300 /* FontExtensions.swift in Sources */ = {isa = PBXBuildFile; fileRef = F6548D491E60952A0000F300 /* FontExtensions.swift */; };
		F6548D4D1E60A7770000F300 /* CustomStyles.swift in Sources */ = {isa = PBXBuildFile; fileRef = F6548D4C1E60A7770000F300 /* CustomStyles.swift */; };
/* End PBXBuildFile section */

/* Begin PBXFileReference section */
		08ADA67C30CB8F5BA174DB64 /* Pods-Moltin_Example.release.xcconfig */ = {isa = PBXFileReference; includeInIndex = 1; lastKnownFileType = text.xcconfig; name = "Pods-Moltin_Example.release.xcconfig"; path = "Pods/Target Support Files/Pods-Moltin_Example/Pods-Moltin_Example.release.xcconfig"; sourceTree = "<group>"; };
		3B9EB113604549868646C2B7 /* Moltin.podspec */ = {isa = PBXFileReference; includeInIndex = 1; lastKnownFileType = text; name = Moltin.podspec; path = ../Moltin.podspec; sourceTree = "<group>"; };
		607FACD01AFB9204008FA782 /* Moltin_Example.app */ = {isa = PBXFileReference; explicitFileType = wrapper.application; includeInIndex = 0; path = Moltin_Example.app; sourceTree = BUILT_PRODUCTS_DIR; };
		607FACD41AFB9204008FA782 /* Info.plist */ = {isa = PBXFileReference; lastKnownFileType = text.plist.xml; path = Info.plist; sourceTree = "<group>"; };
		607FACD51AFB9204008FA782 /* AppDelegate.swift */ = {isa = PBXFileReference; lastKnownFileType = sourcecode.swift; path = AppDelegate.swift; sourceTree = "<group>"; };
		607FACD71AFB9204008FA782 /* ViewController.swift */ = {isa = PBXFileReference; lastKnownFileType = sourcecode.swift; path = ViewController.swift; sourceTree = "<group>"; };
		607FACDA1AFB9204008FA782 /* Base */ = {isa = PBXFileReference; lastKnownFileType = file.storyboard; name = Base; path = Base.lproj/Main.storyboard; sourceTree = "<group>"; };
		607FACDC1AFB9204008FA782 /* Images.xcassets */ = {isa = PBXFileReference; lastKnownFileType = folder.assetcatalog; path = Images.xcassets; sourceTree = "<group>"; };
		607FACDF1AFB9204008FA782 /* Base */ = {isa = PBXFileReference; lastKnownFileType = file.xib; name = Base; path = Base.lproj/LaunchScreen.xib; sourceTree = "<group>"; };
		763D4D2BC89AA6F66BBC9F3E /* Pods-Moltin_Tests.release.xcconfig */ = {isa = PBXFileReference; includeInIndex = 1; lastKnownFileType = text.xcconfig; name = "Pods-Moltin_Tests.release.xcconfig"; path = "Pods/Target Support Files/Pods-Moltin_Tests/Pods-Moltin_Tests.release.xcconfig"; sourceTree = "<group>"; };
		7FD132F2B7873A947A6BEB3E /* Pods_Moltin_Example.framework */ = {isa = PBXFileReference; explicitFileType = wrapper.framework; includeInIndex = 0; path = Pods_Moltin_Example.framework; sourceTree = BUILT_PRODUCTS_DIR; };
		85F22F3E7B15EF2C624B8AD4 /* Pods-Moltin_Tests.debug.xcconfig */ = {isa = PBXFileReference; includeInIndex = 1; lastKnownFileType = text.xcconfig; name = "Pods-Moltin_Tests.debug.xcconfig"; path = "Pods/Target Support Files/Pods-Moltin_Tests/Pods-Moltin_Tests.debug.xcconfig"; sourceTree = "<group>"; };
		8E6FA17C355B2CC0017176BF /* Pods-Moltin_Example.debug.xcconfig */ = {isa = PBXFileReference; includeInIndex = 1; lastKnownFileType = text.xcconfig; name = "Pods-Moltin_Example.debug.xcconfig"; path = "Pods/Target Support Files/Pods-Moltin_Example/Pods-Moltin_Example.debug.xcconfig"; sourceTree = "<group>"; };
		CD4790D0C8B2F585B4B3ECC0 /* README.md */ = {isa = PBXFileReference; includeInIndex = 1; lastKnownFileType = net.daringfireball.markdown; name = README.md; path = ../README.md; sourceTree = "<group>"; };
		D189BE551076D1B21681DF84 /* LICENSE */ = {isa = PBXFileReference; includeInIndex = 1; lastKnownFileType = text; name = LICENSE; path = ../LICENSE; sourceTree = "<group>"; };
		F60FC8EF1E647231001E977B /* ProductListViewController.swift */ = {isa = PBXFileReference; fileEncoding = 4; lastKnownFileType = sourcecode.swift; path = ProductListViewController.swift; sourceTree = "<group>"; };
		F60FC8F41E658030001E977B /* ImageGalleryViewController.swift */ = {isa = PBXFileReference; fileEncoding = 4; lastKnownFileType = sourcecode.swift; path = ImageGalleryViewController.swift; sourceTree = "<group>"; };
		F60FC8F61E6585D7001E977B /* ProductDetailViewController.swift */ = {isa = PBXFileReference; fileEncoding = 4; lastKnownFileType = sourcecode.swift; path = ProductDetailViewController.swift; sourceTree = "<group>"; };
		F60FC8F81E6598AE001E977B /* CartViewController.swift */ = {isa = PBXFileReference; fileEncoding = 4; lastKnownFileType = sourcecode.swift; path = CartViewController.swift; sourceTree = "<group>"; };
		F60FC8FD1E65CBDB001E977B /* UIViewController.swift */ = {isa = PBXFileReference; fileEncoding = 4; lastKnownFileType = sourcecode.swift; name = UIViewController.swift; path = Extensions/UIViewController.swift; sourceTree = "<group>"; };
		F6548D321E6092E70000F300 /* Heuristica-Bold.otf */ = {isa = PBXFileReference; lastKnownFileType = file; path = "Heuristica-Bold.otf"; sourceTree = "<group>"; };
		F6548D331E6092E70000F300 /* Heuristica-BoldItalic.otf */ = {isa = PBXFileReference; lastKnownFileType = file; path = "Heuristica-BoldItalic.otf"; sourceTree = "<group>"; };
		F6548D341E6092E70000F300 /* Heuristica-Italic.otf */ = {isa = PBXFileReference; lastKnownFileType = file; path = "Heuristica-Italic.otf"; sourceTree = "<group>"; };
		F6548D351E6092E70000F300 /* Heuristica-Regular.otf */ = {isa = PBXFileReference; lastKnownFileType = file; path = "Heuristica-Regular.otf"; sourceTree = "<group>"; };
		F6548D361E6092E70000F300 /* SIL Open Font License.txt */ = {isa = PBXFileReference; fileEncoding = 4; lastKnownFileType = text; path = "SIL Open Font License.txt"; sourceTree = "<group>"; };
		F6548D381E6092E70000F300 /* Montserrat-Black.otf */ = {isa = PBXFileReference; lastKnownFileType = file; path = "Montserrat-Black.otf"; sourceTree = "<group>"; };
		F6548D391E6092E70000F300 /* Montserrat-Bold.otf */ = {isa = PBXFileReference; lastKnownFileType = file; path = "Montserrat-Bold.otf"; sourceTree = "<group>"; };
		F6548D3A1E6092E70000F300 /* Montserrat-Hairline.otf */ = {isa = PBXFileReference; lastKnownFileType = file; path = "Montserrat-Hairline.otf"; sourceTree = "<group>"; };
		F6548D3B1E6092E70000F300 /* Montserrat-Light.otf */ = {isa = PBXFileReference; lastKnownFileType = file; path = "Montserrat-Light.otf"; sourceTree = "<group>"; };
		F6548D3C1E6092E70000F300 /* Montserrat-Regular.otf */ = {isa = PBXFileReference; lastKnownFileType = file; path = "Montserrat-Regular.otf"; sourceTree = "<group>"; };
		F6548D3D1E6092E70000F300 /* SIL Open Font License.txt */ = {isa = PBXFileReference; fileEncoding = 4; lastKnownFileType = text; path = "SIL Open Font License.txt"; sourceTree = "<group>"; };
		F6548D491E60952A0000F300 /* FontExtensions.swift */ = {isa = PBXFileReference; fileEncoding = 4; lastKnownFileType = sourcecode.swift; name = FontExtensions.swift; path = Fonts/FontExtensions.swift; sourceTree = "<group>"; };
		F6548D4C1E60A7770000F300 /* CustomStyles.swift */ = {isa = PBXFileReference; fileEncoding = 4; lastKnownFileType = sourcecode.swift; name = CustomStyles.swift; path = "Customer Styles/CustomStyles.swift"; sourceTree = "<group>"; };
/* End PBXFileReference section */

/* Begin PBXFrameworksBuildPhase section */
		607FACCD1AFB9204008FA782 /* Frameworks */ = {
			isa = PBXFrameworksBuildPhase;
			buildActionMask = 2147483647;
			files = (
				AE7D09ABB5F501726F82DF78 /* Pods_Moltin_Example.framework in Frameworks */,
			);
			runOnlyForDeploymentPostprocessing = 0;
		};
/* End PBXFrameworksBuildPhase section */

/* Begin PBXGroup section */
		5043369C183DF74C252E6C6E /* Pods */ = {
			isa = PBXGroup;
			children = (
				8E6FA17C355B2CC0017176BF /* Pods-Moltin_Example.debug.xcconfig */,
				08ADA67C30CB8F5BA174DB64 /* Pods-Moltin_Example.release.xcconfig */,
				85F22F3E7B15EF2C624B8AD4 /* Pods-Moltin_Tests.debug.xcconfig */,
				763D4D2BC89AA6F66BBC9F3E /* Pods-Moltin_Tests.release.xcconfig */,
			);
			name = Pods;
			sourceTree = "<group>";
		};
		51533D5E58DB4A22229B2D56 /* Frameworks */ = {
			isa = PBXGroup;
			children = (
				7FD132F2B7873A947A6BEB3E /* Pods_Moltin_Example.framework */,
			);
			name = Frameworks;
			sourceTree = "<group>";
		};
		607FACC71AFB9204008FA782 = {
			isa = PBXGroup;
			children = (
				607FACF51AFB993E008FA782 /* Podspec Metadata */,
				607FACD21AFB9204008FA782 /* Example for Moltin */,
				607FACD11AFB9204008FA782 /* Products */,
				5043369C183DF74C252E6C6E /* Pods */,
				51533D5E58DB4A22229B2D56 /* Frameworks */,
			);
			sourceTree = "<group>";
		};
		607FACD11AFB9204008FA782 /* Products */ = {
			isa = PBXGroup;
			children = (
				607FACD01AFB9204008FA782 /* Moltin_Example.app */,
			);
			name = Products;
			sourceTree = "<group>";
		};
		607FACD21AFB9204008FA782 /* Example for Moltin */ = {
			isa = PBXGroup;
			children = (
				F60FC8FA1E65CBBE001E977B /* Extensions */,
				F6548D4B1E60A75F0000F300 /* Custom Styles */,
				F6548D181E6092620000F300 /* Fonts */,
				607FACD51AFB9204008FA782 /* AppDelegate.swift */,
				607FACD71AFB9204008FA782 /* ViewController.swift */,
				F60FC8EF1E647231001E977B /* ProductListViewController.swift */,
				607FACD91AFB9204008FA782 /* Main.storyboard */,
				607FACDC1AFB9204008FA782 /* Images.xcassets */,
				607FACDE1AFB9204008FA782 /* LaunchScreen.xib */,
				607FACD31AFB9204008FA782 /* Supporting Files */,
				F60FC8F41E658030001E977B /* ImageGalleryViewController.swift */,
				F60FC8F61E6585D7001E977B /* ProductDetailViewController.swift */,
				F60FC8F81E6598AE001E977B /* CartViewController.swift */,
			);
			name = "Example for Moltin";
			path = Moltin;
			sourceTree = "<group>";
		};
		607FACD31AFB9204008FA782 /* Supporting Files */ = {
			isa = PBXGroup;
			children = (
				607FACD41AFB9204008FA782 /* Info.plist */,
			);
			name = "Supporting Files";
			sourceTree = "<group>";
		};
		607FACF51AFB993E008FA782 /* Podspec Metadata */ = {
			isa = PBXGroup;
			children = (
				3B9EB113604549868646C2B7 /* Moltin.podspec */,
				CD4790D0C8B2F585B4B3ECC0 /* README.md */,
				D189BE551076D1B21681DF84 /* LICENSE */,
			);
			name = "Podspec Metadata";
			sourceTree = "<group>";
		};
		F60FC8FA1E65CBBE001E977B /* Extensions */ = {
			isa = PBXGroup;
			children = (
				F60FC8FD1E65CBDB001E977B /* UIViewController.swift */,
			);
			name = Extensions;
			sourceTree = "<group>";
		};
		F6548D181E6092620000F300 /* Fonts */ = {
			isa = PBXGroup;
			children = (
				F6548D311E6092E70000F300 /* heuristica */,
				F6548D371E6092E70000F300 /* montserrat */,
				F6548D491E60952A0000F300 /* FontExtensions.swift */,
			);
			name = Fonts;
			sourceTree = "<group>";
		};
		F6548D311E6092E70000F300 /* heuristica */ = {
			isa = PBXGroup;
			children = (
				F6548D321E6092E70000F300 /* Heuristica-Bold.otf */,
				F6548D331E6092E70000F300 /* Heuristica-BoldItalic.otf */,
				F6548D341E6092E70000F300 /* Heuristica-Italic.otf */,
				F6548D351E6092E70000F300 /* Heuristica-Regular.otf */,
				F6548D361E6092E70000F300 /* SIL Open Font License.txt */,
			);
			name = heuristica;
			path = Fonts/heuristica;
			sourceTree = "<group>";
		};
		F6548D371E6092E70000F300 /* montserrat */ = {
			isa = PBXGroup;
			children = (
				F6548D381E6092E70000F300 /* Montserrat-Black.otf */,
				F6548D391E6092E70000F300 /* Montserrat-Bold.otf */,
				F6548D3A1E6092E70000F300 /* Montserrat-Hairline.otf */,
				F6548D3B1E6092E70000F300 /* Montserrat-Light.otf */,
				F6548D3C1E6092E70000F300 /* Montserrat-Regular.otf */,
				F6548D3D1E6092E70000F300 /* SIL Open Font License.txt */,
			);
			name = montserrat;
			path = Fonts/montserrat;
			sourceTree = "<group>";
		};
		F6548D4B1E60A75F0000F300 /* Custom Styles */ = {
			isa = PBXGroup;
			children = (
				F6548D4C1E60A7770000F300 /* CustomStyles.swift */,
			);
			name = "Custom Styles";
			sourceTree = "<group>";
		};
/* End PBXGroup section */

/* Begin PBXNativeTarget section */
		607FACCF1AFB9204008FA782 /* Moltin_Example */ = {
			isa = PBXNativeTarget;
			buildConfigurationList = 607FACEF1AFB9204008FA782 /* Build configuration list for PBXNativeTarget "Moltin_Example" */;
			buildPhases = (
				16357C4E50A4A15DF4901211 /* [CP] Check Pods Manifest.lock */,
				607FACCC1AFB9204008FA782 /* Sources */,
				607FACCD1AFB9204008FA782 /* Frameworks */,
				607FACCE1AFB9204008FA782 /* Resources */,
				FC2F4727BD31FDC80AD66F63 /* [CP] Embed Pods Frameworks */,
				A446BC705D7ADB05DA303EE8 /* [CP] Copy Pods Resources */,
			);
			buildRules = (
			);
			dependencies = (
			);
			name = Moltin_Example;
			productName = Moltin;
			productReference = 607FACD01AFB9204008FA782 /* Moltin_Example.app */;
			productType = "com.apple.product-type.application";
		};
/* End PBXNativeTarget section */

/* Begin PBXProject section */
		607FACC81AFB9204008FA782 /* Project object */ = {
			isa = PBXProject;
			attributes = {
				LastSwiftUpdateCheck = 0720;
				LastUpgradeCheck = 0720;
				ORGANIZATIONNAME = CocoaPods;
				TargetAttributes = {
					607FACCF1AFB9204008FA782 = {
						CreatedOnToolsVersion = 6.3.1;
						LastSwiftMigration = 0820;
					};
				};
			};
			buildConfigurationList = 607FACCB1AFB9204008FA782 /* Build configuration list for PBXProject "Moltin" */;
			compatibilityVersion = "Xcode 3.2";
			developmentRegion = English;
			hasScannedForEncodings = 0;
			knownRegions = (
				en,
				Base,
			);
			mainGroup = 607FACC71AFB9204008FA782;
			productRefGroup = 607FACD11AFB9204008FA782 /* Products */;
			projectDirPath = "";
			projectRoot = "";
			targets = (
				607FACCF1AFB9204008FA782 /* Moltin_Example */,
			);
		};
/* End PBXProject section */

/* Begin PBXResourcesBuildPhase section */
		607FACCE1AFB9204008FA782 /* Resources */ = {
			isa = PBXResourcesBuildPhase;
			buildActionMask = 2147483647;
			files = (
				F6548D411E6092E70000F300 /* Heuristica-Regular.otf in Resources */,
				F6548D451E6092E70000F300 /* Montserrat-Hairline.otf in Resources */,
				607FACDB1AFB9204008FA782 /* Main.storyboard in Resources */,
				F6548D3F1E6092E70000F300 /* Heuristica-BoldItalic.otf in Resources */,
				F6548D421E6092E70000F300 /* SIL Open Font License.txt in Resources */,
				F6548D471E6092E70000F300 /* Montserrat-Regular.otf in Resources */,
				F6548D431E6092E70000F300 /* Montserrat-Black.otf in Resources */,
				F6548D481E6092E70000F300 /* SIL Open Font License.txt in Resources */,
				F6548D441E6092E70000F300 /* Montserrat-Bold.otf in Resources */,
				F6548D401E6092E70000F300 /* Heuristica-Italic.otf in Resources */,
				F6548D3E1E6092E70000F300 /* Heuristica-Bold.otf in Resources */,
				607FACE01AFB9204008FA782 /* LaunchScreen.xib in Resources */,
				607FACDD1AFB9204008FA782 /* Images.xcassets in Resources */,
				F6548D461E6092E70000F300 /* Montserrat-Light.otf in Resources */,
			);
			runOnlyForDeploymentPostprocessing = 0;
		};
/* End PBXResourcesBuildPhase section */

/* Begin PBXShellScriptBuildPhase section */
		16357C4E50A4A15DF4901211 /* [CP] Check Pods Manifest.lock */ = {
			isa = PBXShellScriptBuildPhase;
			buildActionMask = 2147483647;
			files = (
			);
			inputPaths = (
			);
			name = "[CP] Check Pods Manifest.lock";
			outputPaths = (
			);
			runOnlyForDeploymentPostprocessing = 0;
			shellPath = /bin/sh;
			shellScript = "diff \"${PODS_ROOT}/../Podfile.lock\" \"${PODS_ROOT}/Manifest.lock\" > /dev/null\nif [ $? != 0 ] ; then\n    # print error to STDERR\n    echo \"error: The sandbox is not in sync with the Podfile.lock. Run 'pod install' or update your CocoaPods installation.\" >&2\n    exit 1\nfi\n";
			showEnvVarsInLog = 0;
		};
		A446BC705D7ADB05DA303EE8 /* [CP] Copy Pods Resources */ = {
			isa = PBXShellScriptBuildPhase;
			buildActionMask = 2147483647;
			files = (
			);
			inputPaths = (
			);
			name = "[CP] Copy Pods Resources";
			outputPaths = (
			);
			runOnlyForDeploymentPostprocessing = 0;
			shellPath = /bin/sh;
			shellScript = "\"${SRCROOT}/Pods/Target Support Files/Pods-Moltin_Example/Pods-Moltin_Example-resources.sh\"\n";
			showEnvVarsInLog = 0;
		};
		FC2F4727BD31FDC80AD66F63 /* [CP] Embed Pods Frameworks */ = {
			isa = PBXShellScriptBuildPhase;
			buildActionMask = 2147483647;
			files = (
			);
			inputPaths = (
			);
			name = "[CP] Embed Pods Frameworks";
			outputPaths = (
			);
			runOnlyForDeploymentPostprocessing = 0;
			shellPath = /bin/sh;
			shellScript = "\"${SRCROOT}/Pods/Target Support Files/Pods-Moltin_Example/Pods-Moltin_Example-frameworks.sh\"\n";
			showEnvVarsInLog = 0;
		};
/* End PBXShellScriptBuildPhase section */

/* Begin PBXSourcesBuildPhase section */
		607FACCC1AFB9204008FA782 /* Sources */ = {
			isa = PBXSourcesBuildPhase;
			buildActionMask = 2147483647;
			files = (
				F6548D4D1E60A7770000F300 /* CustomStyles.swift in Sources */,
				607FACD81AFB9204008FA782 /* ViewController.swift in Sources */,
				F60FC8FE1E65CBDB001E977B /* UIViewController.swift in Sources */,
				F60FC8F71E6585D7001E977B /* ProductDetailViewController.swift in Sources */,
				F60FC8F51E658030001E977B /* ImageGalleryViewController.swift in Sources */,
				F60FC8F91E6598AE001E977B /* CartViewController.swift in Sources */,
				F60FC8F01E647231001E977B /* ProductListViewController.swift in Sources */,
				607FACD61AFB9204008FA782 /* AppDelegate.swift in Sources */,
				F6548D4A1E60952A0000F300 /* FontExtensions.swift in Sources */,
			);
			runOnlyForDeploymentPostprocessing = 0;
		};
/* End PBXSourcesBuildPhase section */

/* Begin PBXVariantGroup section */
		607FACD91AFB9204008FA782 /* Main.storyboard */ = {
			isa = PBXVariantGroup;
			children = (
				607FACDA1AFB9204008FA782 /* Base */,
			);
			name = Main.storyboard;
			sourceTree = "<group>";
		};
		607FACDE1AFB9204008FA782 /* LaunchScreen.xib */ = {
			isa = PBXVariantGroup;
			children = (
				607FACDF1AFB9204008FA782 /* Base */,
			);
			name = LaunchScreen.xib;
			sourceTree = "<group>";
		};
/* End PBXVariantGroup section */

/* Begin XCBuildConfiguration section */
		607FACED1AFB9204008FA782 /* Debug */ = {
			isa = XCBuildConfiguration;
			buildSettings = {
				ALWAYS_SEARCH_USER_PATHS = NO;
				CLANG_CXX_LANGUAGE_STANDARD = "gnu++0x";
				CLANG_CXX_LIBRARY = "libc++";
				CLANG_ENABLE_MODULES = YES;
				CLANG_ENABLE_OBJC_ARC = YES;
				CLANG_WARN_BOOL_CONVERSION = YES;
				CLANG_WARN_CONSTANT_CONVERSION = YES;
				CLANG_WARN_DIRECT_OBJC_ISA_USAGE = YES_ERROR;
				CLANG_WARN_EMPTY_BODY = YES;
				CLANG_WARN_ENUM_CONVERSION = YES;
				CLANG_WARN_INT_CONVERSION = YES;
				CLANG_WARN_OBJC_ROOT_CLASS = YES_ERROR;
				CLANG_WARN_UNREACHABLE_CODE = YES;
				CLANG_WARN__DUPLICATE_METHOD_MATCH = YES;
				"CODE_SIGN_IDENTITY[sdk=iphoneos*]" = "iPhone Developer";
				COPY_PHASE_STRIP = NO;
				DEBUG_INFORMATION_FORMAT = "dwarf-with-dsym";
				ENABLE_STRICT_OBJC_MSGSEND = YES;
				ENABLE_TESTABILITY = YES;
				GCC_C_LANGUAGE_STANDARD = gnu99;
				GCC_DYNAMIC_NO_PIC = NO;
				GCC_NO_COMMON_BLOCKS = YES;
				GCC_OPTIMIZATION_LEVEL = 0;
				GCC_PREPROCESSOR_DEFINITIONS = (
					"DEBUG=1",
					"$(inherited)",
				);
				GCC_SYMBOLS_PRIVATE_EXTERN = NO;
				GCC_WARN_64_TO_32_BIT_CONVERSION = YES;
				GCC_WARN_ABOUT_RETURN_TYPE = YES_ERROR;
				GCC_WARN_UNDECLARED_SELECTOR = YES;
				GCC_WARN_UNINITIALIZED_AUTOS = YES_AGGRESSIVE;
				GCC_WARN_UNUSED_FUNCTION = YES;
				GCC_WARN_UNUSED_VARIABLE = YES;
				IPHONEOS_DEPLOYMENT_TARGET = 9.0;
				MTL_ENABLE_DEBUG_INFO = YES;
				ONLY_ACTIVE_ARCH = YES;
				SDKROOT = iphoneos;
				SWIFT_OPTIMIZATION_LEVEL = "-Onone";
			};
			name = Debug;
		};
		607FACEE1AFB9204008FA782 /* Release */ = {
			isa = XCBuildConfiguration;
			buildSettings = {
				ALWAYS_SEARCH_USER_PATHS = NO;
				CLANG_CXX_LANGUAGE_STANDARD = "gnu++0x";
				CLANG_CXX_LIBRARY = "libc++";
				CLANG_ENABLE_MODULES = YES;
				CLANG_ENABLE_OBJC_ARC = YES;
				CLANG_WARN_BOOL_CONVERSION = YES;
				CLANG_WARN_CONSTANT_CONVERSION = YES;
				CLANG_WARN_DIRECT_OBJC_ISA_USAGE = YES_ERROR;
				CLANG_WARN_EMPTY_BODY = YES;
				CLANG_WARN_ENUM_CONVERSION = YES;
				CLANG_WARN_INT_CONVERSION = YES;
				CLANG_WARN_OBJC_ROOT_CLASS = YES_ERROR;
				CLANG_WARN_UNREACHABLE_CODE = YES;
				CLANG_WARN__DUPLICATE_METHOD_MATCH = YES;
				"CODE_SIGN_IDENTITY[sdk=iphoneos*]" = "iPhone Developer";
				COPY_PHASE_STRIP = NO;
				DEBUG_INFORMATION_FORMAT = "dwarf-with-dsym";
				ENABLE_NS_ASSERTIONS = NO;
				ENABLE_STRICT_OBJC_MSGSEND = YES;
				GCC_C_LANGUAGE_STANDARD = gnu99;
				GCC_NO_COMMON_BLOCKS = YES;
				GCC_WARN_64_TO_32_BIT_CONVERSION = YES;
				GCC_WARN_ABOUT_RETURN_TYPE = YES_ERROR;
				GCC_WARN_UNDECLARED_SELECTOR = YES;
				GCC_WARN_UNINITIALIZED_AUTOS = YES_AGGRESSIVE;
				GCC_WARN_UNUSED_FUNCTION = YES;
				GCC_WARN_UNUSED_VARIABLE = YES;
				IPHONEOS_DEPLOYMENT_TARGET = 9.0;
				MTL_ENABLE_DEBUG_INFO = NO;
				SDKROOT = iphoneos;
				VALIDATE_PRODUCT = YES;
			};
			name = Release;
		};
		607FACF01AFB9204008FA782 /* Debug */ = {
			isa = XCBuildConfiguration;
			baseConfigurationReference = 8E6FA17C355B2CC0017176BF /* Pods-Moltin_Example.debug.xcconfig */;
			buildSettings = {
				ASSETCATALOG_COMPILER_APPICON_NAME = AppIcon;
				INFOPLIST_FILE = Moltin/Info.plist;
				LD_RUNPATH_SEARCH_PATHS = "$(inherited) @executable_path/Frameworks";
				MODULE_NAME = ExampleApp;
				PRODUCT_BUNDLE_IDENTIFIER = "org.cocoapods.demo.$(PRODUCT_NAME:rfc1034identifier)";
				PRODUCT_NAME = "$(TARGET_NAME)";
				SWIFT_VERSION = 3.0;
			};
			name = Debug;
		};
		607FACF11AFB9204008FA782 /* Release */ = {
			isa = XCBuildConfiguration;
			baseConfigurationReference = 08ADA67C30CB8F5BA174DB64 /* Pods-Moltin_Example.release.xcconfig */;
			buildSettings = {
				ASSETCATALOG_COMPILER_APPICON_NAME = AppIcon;
				INFOPLIST_FILE = Moltin/Info.plist;
				LD_RUNPATH_SEARCH_PATHS = "$(inherited) @executable_path/Frameworks";
				MODULE_NAME = ExampleApp;
				PRODUCT_BUNDLE_IDENTIFIER = "org.cocoapods.demo.$(PRODUCT_NAME:rfc1034identifier)";
				PRODUCT_NAME = "$(TARGET_NAME)";
				SWIFT_VERSION = 3.0;
			};
			name = Release;
		};
/* End XCBuildConfiguration section */

/* Begin XCConfigurationList section */
		607FACCB1AFB9204008FA782 /* Build configuration list for PBXProject "Moltin" */ = {
			isa = XCConfigurationList;
			buildConfigurations = (
				607FACED1AFB9204008FA782 /* Debug */,
				607FACEE1AFB9204008FA782 /* Release */,
			);
			defaultConfigurationIsVisible = 0;
			defaultConfigurationName = Release;
		};
		607FACEF1AFB9204008FA782 /* Build configuration list for PBXNativeTarget "Moltin_Example" */ = {
			isa = XCConfigurationList;
			buildConfigurations = (
				607FACF01AFB9204008FA782 /* Debug */,
				607FACF11AFB9204008FA782 /* Release */,
			);
			defaultConfigurationIsVisible = 0;
			defaultConfigurationName = Release;
		};
/* End XCConfigurationList section */
	};
	rootObject = 607FACC81AFB9204008FA782 /* Project object */;
}
