PODS:
  - AFNetworking (2.5.4):
    - AFNetworking/NSURLConnection (= 2.5.4)
    - AFNetworking/NSURLSession (= 2.5.4)
    - AFNetworking/Reachability (= 2.5.4)
    - AFNetworking/Security (= 2.5.4)
    - AFNetworking/Serialization (= 2.5.4)
    - AFNetworking/UIKit (= 2.5.4)
  - AFNetworking/NSURLConnection (2.5.4):
    - AFNetworking/Reachability
    - AFNetworking/Security
    - AFNetworking/Serialization
  - AFNetworking/NSURLSession (2.5.4):
    - AFNetworking/Reachability
    - AFNetworking/Security
    - AFNetworking/Serialization
  - AFNetworking/Reachability (2.5.4)
  - AFNetworking/Security (2.5.4)
  - AFNetworking/Serialization (2.5.4)
  - AFNetworking/UIKit (2.5.4):
    - AFNetworking/NSURLConnection
    - AFNetworking/NSURLSession
  - iOS-Slide-Menu (1.4.6)
  - MBProgressHUD (0.9.1)
  - SDWebImage (3.7.2):
    - SDWebImage/Core (= 3.7.2)
  - SDWebImage/Core (3.7.2)
  - Stripe (4.0.3):
    - Stripe/Checkout (= 4.0.3)
    - Stripe/Core (= 4.0.3)
  - Stripe/ApplePay (4.0.3):
    - Stripe/Core
  - Stripe/Checkout (4.0.3):
    - Stripe/Core
  - Stripe/Core (4.0.3)

DEPENDENCIES:
  - AFNetworking
  - iOS-Slide-Menu
  - MBProgressHUD (~> 0.9.1)
  - SDWebImage (~> 3.7)
  - Stripe
  - Stripe/ApplePay

SPEC CHECKSUMS:
  AFNetworking: 05edc0ac4c4c8cf57bcf4b84be5b0744b6d8e71e
  iOS-Slide-Menu: 3a8b157f87694fce888899f169e05b433575ff90
  MBProgressHUD: c47f2c166c126cf2ce36498d80f33e754d4e93ad
  SDWebImage: 71b7cdc1d1721d6a82ed62889030225f2c249e29
  Stripe: 43a4307dc789483a61668d187c4a917d1348b0b6

COCOAPODS: 0.38.1
